
Microsoft Visual Studio Solution File, Format Version 12.00
# Visual Studio Version 17
VisualStudioVersion = 17.10.34707.107
MinimumVisualStudioVersion = 10.0.40219.1
Project("{9A19103F-16F7-4668-BE54-9A1E7A4F7556}") = "HomeAssistantStateMaching", "HomeAssistantStateMaching\HomeAssistantStateMaching.csproj", "{5AB3F568-19D4-4850-9B3D-844042C2D5E5}"
EndProject
Project("{9A19103F-16F7-4668-BE54-9A1E7A4F7556}") = "HassClient", "HassClient\HassClient.csproj", "{92FC1203-7D6B-42A9-84CB-C37B73D569E9}"
EndProject
Project("{2150E333-8FDC-42A3-9474-1A3956D46DE8}") = "Solution Items", "Solution Items", "{ADBDD64E-7CA1-48D6-8A63-911DBF4395EA}"
	ProjectSection(SolutionItems) = preProject
		Directory.Build.props = Directory.Build.props
		Directory.Packages.props = Directory.Packages.props
		global.json = global.json
		nuget.config = nuget.config
	EndProjectSection
EndProject
Global
	GlobalSection(SolutionConfigurationPlatforms) = preSolution
		Debug|Any CPU = Debug|Any CPU
		Release|Any CPU = Release|Any CPU
	EndGlobalSection
	GlobalSection(ProjectConfigurationPlatforms) = postSolution
		{5AB3F568-19D4-4850-9B3D-844042C2D5E5}.Debug|Any CPU.ActiveCfg = Debug|Any CPU
		{5AB3F568-19D4-4850-9B3D-844042C2D5E5}.Debug|Any CPU.Build.0 = Debug|Any CPU
		{5AB3F568-19D4-4850-9B3D-844042C2D5E5}.Release|Any CPU.ActiveCfg = Release|Any CPU
		{5AB3F568-19D4-4850-9B3D-844042C2D5E5}.Release|Any CPU.Build.0 = Release|Any CPU
		{92FC1203-7D6B-42A9-84CB-C37B73D569E9}.Debug|Any CPU.ActiveCfg = Debug|Any CPU
		{92FC1203-7D6B-42A9-84CB-C37B73D569E9}.Debug|Any CPU.Build.0 = Debug|Any CPU
		{92FC1203-7D6B-42A9-84CB-C37B73D569E9}.Release|Any CPU.ActiveCfg = Release|Any CPU
		{92FC1203-7D6B-42A9-84CB-C37B73D569E9}.Release|Any CPU.Build.0 = Release|Any CPU
	EndGlobalSection
	GlobalSection(SolutionProperties) = preSolution
		HideSolutionNode = FALSE
	EndGlobalSection
	GlobalSection(ExtensibilityGlobals) = postSolution
		SolutionGuid = {6FACC3D1-AD30-4C00-A138-AE705DF69F67}
	EndGlobalSection
EndGlobal
